
Microsoft Visual Studio Solution File, Format Version 12.00
# Visual Studio Version 17
VisualStudioVersion = 17.13.35931.197
MinimumVisualStudioVersion = 10.0.40219.1
Project("{FAE04EC0-301F-11D3-BF4B-00C04F79EFBC}") = "InventoryApp.MVC", "InventoryApp.MVC.csproj", "{94A7AC7A-4D11-408A-94DE-153245E3D0C3}"
EndProject
Project("{FAE04EC0-301F-11D3-BF4B-00C04F79EFBC}") = "Inventory.Api", "..\Inventory.Api\Inventory.Api.csproj", "{6B870EFA-B1DA-4802-9BB4-CF6C48982243}"
EndProject
Project("{2150E333-8FDC-42A3-9474-1A3956D46DE8}") = "Docker", "Docker", "{02EA681E-C7D8-13C7-8484-4AC65E1B71E8}"
EndProject
Global
	GlobalSection(SolutionConfigurationPlatforms) = preSolution
		Debug|Any CPU = Debug|Any CPU
		Release|Any CPU = Release|Any CPU
	EndGlobalSection
	GlobalSection(ProjectConfigurationPlatforms) = postSolution
		{94A7AC7A-4D11-408A-94DE-153245E3D0C3}.Debug|Any CPU.ActiveCfg = Debug|Any CPU
		{94A7AC7A-4D11-408A-94DE-153245E3D0C3}.Debug|Any CPU.Build.0 = Debug|Any CPU
		{94A7AC7A-4D11-408A-94DE-153245E3D0C3}.Release|Any CPU.ActiveCfg = Release|Any CPU
		{94A7AC7A-4D11-408A-94DE-153245E3D0C3}.Release|Any CPU.Build.0 = Release|Any CPU
		{6B870EFA-B1DA-4802-9BB4-CF6C48982243}.Debug|Any CPU.ActiveCfg = Debug|Any CPU
		{6B870EFA-B1DA-4802-9BB4-CF6C48982243}.Debug|Any CPU.Build.0 = Debug|Any CPU
		{6B870EFA-B1DA-4802-9BB4-CF6C48982243}.Release|Any CPU.ActiveCfg = Release|Any CPU
		{6B870EFA-B1DA-4802-9BB4-CF6C48982243}.Release|Any CPU.Build.0 = Release|Any CPU
	EndGlobalSection
	GlobalSection(SolutionProperties) = preSolution
		HideSolutionNode = FALSE
	EndGlobalSection
	GlobalSection(ExtensibilityGlobals) = postSolution
		SolutionGuid = {D456B7FD-A028-4105-80A1-433136900567}
	EndGlobalSection
EndGlobal
